
Microsoft Visual Studio Solution File, Format Version 11.00
# Visual Studio 2010
Project("{FAE04EC0-301F-11D3-BF4B-00C04F79EFBC}") = "Assembly-CSharp", "Assembly-CSharp.csproj", "{f7183833-9042-68af-df6e-9ebf8b4c452a}"
EndProject
Project("{FAE04EC0-301F-11D3-BF4B-00C04F79EFBC}") = "Assembly-CSharp-firstpass", "Assembly-CSharp-firstpass.csproj", "{4b6d3f4a-4b7c-71b1-1e6c-565ff2f55418}"
EndProject
Project("{FAE04EC0-301F-11D3-BF4B-00C04F79EFBC}") = "Assembly-CSharp-Editor-firstpass", "Assembly-CSharp-Editor-firstpass.csproj", "{6cd89968-ab89-1bab-6654-3392e67eaab5}"
EndProject
Global
	GlobalSection(SolutionConfigurationPlatforms) = preSolution
		Debug|Any CPU = Debug|Any CPU
	EndGlobalSection
	GlobalSection(ProjectConfigurationPlatforms) = postSolution
		{f7183833-9042-68af-df6e-9ebf8b4c452a}.Debug|Any CPU.ActiveCfg = Debug|Any CPU
		{f7183833-9042-68af-df6e-9ebf8b4c452a}.Debug|Any CPU.Build.0 = Debug|Any CPU
		{4b6d3f4a-4b7c-71b1-1e6c-565ff2f55418}.Debug|Any CPU.ActiveCfg = Debug|Any CPU
		{4b6d3f4a-4b7c-71b1-1e6c-565ff2f55418}.Debug|Any CPU.Build.0 = Debug|Any CPU
		{6cd89968-ab89-1bab-6654-3392e67eaab5}.Debug|Any CPU.ActiveCfg = Debug|Any CPU
		{6cd89968-ab89-1bab-6654-3392e67eaab5}.Debug|Any CPU.Build.0 = Debug|Any CPU
	EndGlobalSection
	GlobalSection(SolutionProperties) = preSolution
		HideSolutionNode = FALSE
	EndGlobalSection
EndGlobal
